
Microsoft Visual Studio Solution File, Format Version 12.00
# Visual Studio Version 16
VisualStudioVersion = 16.0.35026.282
MinimumVisualStudioVersion = 10.0.40219.1
Project("{8BC9CEB8-8B4A-11D0-8D11-00A0C91BC942}") = "STL", "STL\STL.vcxproj", "{D177698F-F3DB-4306-BA92-E73E3956D5B0}"
EndProject
Project("{8BC9CEB8-8B4A-11D0-8D11-00A0C91BC942}") = "AssociativeContainerss", "AssociativeContainerss\AssociativeContainerss.vcxproj", "{F5560621-5214-4C1F-91D8-6698650749FA}"
EndProject
Project("{8BC9CEB8-8B4A-11D0-8D11-00A0C91BC942}") = "Police", "Police\Police.vcxproj", "{66D9D3D5-DD21-47F4-B03B-383E46FABE36}"
EndProject
Global
	GlobalSection(SolutionConfigurationPlatforms) = preSolution
		Debug|x64 = Debug|x64
		Debug|x86 = Debug|x86
		Release|x64 = Release|x64
		Release|x86 = Release|x86
	EndGlobalSection
	GlobalSection(ProjectConfigurationPlatforms) = postSolution
		{D177698F-F3DB-4306-BA92-E73E3956D5B0}.Debug|x64.ActiveCfg = Debug|x64
		{D177698F-F3DB-4306-BA92-E73E3956D5B0}.Debug|x64.Build.0 = Debug|x64
		{D177698F-F3DB-4306-BA92-E73E3956D5B0}.Debug|x86.ActiveCfg = Debug|Win32
		{D177698F-F3DB-4306-BA92-E73E3956D5B0}.Debug|x86.Build.0 = Debug|Win32
		{D177698F-F3DB-4306-BA92-E73E3956D5B0}.Release|x64.ActiveCfg = Release|x64
		{D177698F-F3DB-4306-BA92-E73E3956D5B0}.Release|x64.Build.0 = Release|x64
		{D177698F-F3DB-4306-BA92-E73E3956D5B0}.Release|x86.ActiveCfg = Release|Win32
		{D177698F-F3DB-4306-BA92-E73E3956D5B0}.Release|x86.Build.0 = Release|Win32
		{F5560621-5214-4C1F-91D8-6698650749FA}.Debug|x64.ActiveCfg = Debug|x64
		{F5560621-5214-4C1F-91D8-6698650749FA}.Debug|x64.Build.0 = Debug|x64
		{F5560621-5214-4C1F-91D8-6698650749FA}.Debug|x86.ActiveCfg = Debug|Win32
		{F5560621-5214-4C1F-91D8-6698650749FA}.Debug|x86.Build.0 = Debug|Win32
		{F5560621-5214-4C1F-91D8-6698650749FA}.Release|x64.ActiveCfg = Release|x64
		{F5560621-5214-4C1F-91D8-6698650749FA}.Release|x64.Build.0 = Release|x64
		{F5560621-5214-4C1F-91D8-6698650749FA}.Release|x86.ActiveCfg = Release|Win32
		{F5560621-5214-4C1F-91D8-6698650749FA}.Release|x86.Build.0 = Release|Win32
		{66D9D3D5-DD21-47F4-B03B-383E46FABE36}.Debug|x64.ActiveCfg = Debug|x64
		{66D9D3D5-DD21-47F4-B03B-383E46FABE36}.Debug|x64.Build.0 = Debug|x64
		{66D9D3D5-DD21-47F4-B03B-383E46FABE36}.Debug|x86.ActiveCfg = Debug|Win32
		{66D9D3D5-DD21-47F4-B03B-383E46FABE36}.Debug|x86.Build.0 = Debug|Win32
		{66D9D3D5-DD21-47F4-B03B-383E46FABE36}.Release|x64.ActiveCfg = Release|x64
		{66D9D3D5-DD21-47F4-B03B-383E46FABE36}.Release|x64.Build.0 = Release|x64
		{66D9D3D5-DD21-47F4-B03B-383E46FABE36}.Release|x86.ActiveCfg = Release|Win32
		{66D9D3D5-DD21-47F4-B03B-383E46FABE36}.Release|x86.Build.0 = Release|Win32
	EndGlobalSection
	GlobalSection(SolutionProperties) = preSolution
		HideSolutionNode = FALSE
	EndGlobalSection
	GlobalSection(ExtensibilityGlobals) = postSolution
		SolutionGuid = {1C0E79ED-16AA-4AC4-BCE5-40CBE715BF5B}
	EndGlobalSection
EndGlobal
